
Microsoft Visual Studio Solution File, Format Version 12.00
# Visual Studio Version 17
VisualStudioVersion = 17.14.36623.8 d17.14
MinimumVisualStudioVersion = 10.0.40219.1
Project("{FAE04EC0-301F-11D3-BF4B-00C04F79EFBC}") = "ArbitrajeApp", "ArbitrajeApp\ArbitrajeApp.csproj", "{EE176296-0734-4525-8D41-838830CD6C07}"
EndProject
Global
	GlobalSection(SolutionConfigurationPlatforms) = preSolution
		Debug|Any CPU = Debug|Any CPU
		Release|Any CPU = Release|Any CPU
	EndGlobalSection
	GlobalSection(ProjectConfigurationPlatforms) = postSolution
		{EE176296-0734-4525-8D41-838830CD6C07}.Debug|Any CPU.ActiveCfg = Debug|Any CPU
		{EE176296-0734-4525-8D41-838830CD6C07}.Debug|Any CPU.Build.0 = Debug|Any CPU
		{EE176296-0734-4525-8D41-838830CD6C07}.Release|Any CPU.ActiveCfg = Release|Any CPU
		{EE176296-0734-4525-8D41-838830CD6C07}.Release|Any CPU.Build.0 = Release|Any CPU
	EndGlobalSection
	GlobalSection(SolutionProperties) = preSolution
		HideSolutionNode = FALSE
	EndGlobalSection
	GlobalSection(ExtensibilityGlobals) = postSolution
		SolutionGuid = {34BF4BA5-6E3C-4072-A25F-0C2FF19C5C8F}
	EndGlobalSection
EndGlobal
